SITE
  remote: http://community.opscode.com/api/v1
  specs:
    openssl (1.0.2)

GIT
  remote: git://github.com/opscode-cookbooks/apt.git
  ref: master
  sha: 489d2e2d60cb08a4d2424b40f83a60b4c3a8df65
  specs:
    apt (2.0.1)

GIT
  remote: git://github.com/opscode-cookbooks/build-essential.git
  ref: master
  sha: 2991fc6e5448e5b2378eb6882e9c1ce557d828f0
  specs:
    build-essential (1.4.1)

GIT
  remote: git://github.com/opscode-cookbooks/postgresql.git
  ref: master
  sha: 3c2bb19bca12953cf2ed6a2f0621670ff1455f9d
  specs:
    postgresql (3.0.3)
      apt (>= 0.0.0)
      build-essential (>= 0.0.0)
      openssl (>= 0.0.0)

DEPENDENCIES
  apt (>= 0)
  build-essential (>= 0)
  postgresql (>= 0)

